
Microsoft Visual Studio Solution File, Format Version 12.00
# Visual Studio Version 17
VisualStudioVersion = 17.14.36301.6 d17.14
MinimumVisualStudioVersion = 10.0.40219.1
Project("{FAE04EC0-301F-11D3-BF4B-00C04F79EFBC}") = "CloudSecurityClient", "CloudSecurityClient\CloudSecurityClient.csproj", "{A6A44B5D-25E5-4D8C-BBF9-BEA16458E2BB}"
EndProject
Global
	GlobalSection(SolutionConfigurationPlatforms) = preSolution
		Debug|Any CPU = Debug|Any CPU
		Release|Any CPU = Release|Any CPU
	EndGlobalSection
	GlobalSection(ProjectConfigurationPlatforms) = postSolution
		{A6A44B5D-25E5-4D8C-BBF9-BEA16458E2BB}.Debug|Any CPU.ActiveCfg = Debug|Any CPU
		{A6A44B5D-25E5-4D8C-BBF9-BEA16458E2BB}.Debug|Any CPU.Build.0 = Debug|Any CPU
		{A6A44B5D-25E5-4D8C-BBF9-BEA16458E2BB}.Release|Any CPU.ActiveCfg = Release|Any CPU
		{A6A44B5D-25E5-4D8C-BBF9-BEA16458E2BB}.Release|Any CPU.Build.0 = Release|Any CPU
	EndGlobalSection
	GlobalSection(SolutionProperties) = preSolution
		HideSolutionNode = FALSE
	EndGlobalSection
	GlobalSection(ExtensibilityGlobals) = postSolution
		SolutionGuid = {D1C9F6D9-A418-4DD9-934B-B118DC541CA2}
	EndGlobalSection
EndGlobal
